
Microsoft Visual Studio Solution File, Format Version 12.00
# Visual Studio 15
VisualStudioVersion = 15.0.28307.645
MinimumVisualStudioVersion = 10.0.40219.1
Project("{FAE04EC0-301F-11D3-BF4B-00C04F79EFBC}") = "DynamicPos", "DynamicPos\DynamicPos.csproj", "{A9C5F9D7-D140-499A-84B5-B6A754D667A2}"
EndProject
Project("{FAE04EC0-301F-11D3-BF4B-00C04F79EFBC}") = "DynamicPos.WebServer", "DynamicPos.WebServer\DynamicPos.WebServer.csproj", "{7F007484-0ACA-47B0-8177-259A2494C418}"
EndProject
Project("{FAE04EC0-301F-11D3-BF4B-00C04F79EFBC}") = "DynamicPos.Utils", "DynamicPos.Utils\DynamicPos.Utils.csproj", "{F95E2F3B-BB1E-46DF-9DF7-82DE3EA170A1}"
EndProject
Project("{FAE04EC0-301F-11D3-BF4B-00C04F79EFBC}") = "DynamicPos.CrdService", "DynamicPos.CrdService\DynamicPos.CrdService.csproj", "{DA5CB1A8-E8EA-4949-853D-33B5D7E9FDCF}"
EndProject
Project("{FAE04EC0-301F-11D3-BF4B-00C04F79EFBC}") = "DynamicPos.CrdData", "DynamicPos.CrdData\DynamicPos.CrdData.csproj", "{7ED57579-C518-436F-A3CF-BD3F58915A35}"
EndProject
Project("{FAE04EC0-301F-11D3-BF4B-00C04F79EFBC}") = "DynamicPos.Test", "DynamicPos.Test\DynamicPos.Test.csproj", "{D6B198E0-3D40-4E93-BF92-70461108A555}"
EndProject
Project("{2150E333-8FDC-42A3-9474-1A3956D46DE8}") = "Utils", "Utils", "{D6545877-A495-45A3-9098-38A030AC9265}"
EndProject
Project("{2150E333-8FDC-42A3-9474-1A3956D46DE8}") = "Presentation", "Presentation", "{DFBD6E64-3D27-430D-A2BF-EA2272E265D1}"
EndProject
Project("{2150E333-8FDC-42A3-9474-1A3956D46DE8}") = "WebServer", "WebServer", "{A6FE1F5A-5B9A-458E-AED2-EB3EB4E8568F}"
EndProject
Project("{2150E333-8FDC-42A3-9474-1A3956D46DE8}") = "CrdBase", "CrdBase", "{523C677D-D863-4EFD-AD46-0CA1C35B2D49}"
EndProject
Project("{2150E333-8FDC-42A3-9474-1A3956D46DE8}") = "Pos", "Pos", "{0A159F07-5E0E-43DD-B923-1C83C99581B3}"
EndProject
Project("{2150E333-8FDC-42A3-9474-1A3956D46DE8}") = "Olivetti", "Olivetti", "{482D442B-ED90-49CD-97AA-5ED93C403460}"
EndProject
Project("{2150E333-8FDC-42A3-9474-1A3956D46DE8}") = "Ingenico", "Ingenico", "{086071B4-7AD8-4C06-9654-F48AB544C7A3}"
EndProject
Project("{2150E333-8FDC-42A3-9474-1A3956D46DE8}") = "Hugin", "Hugin", "{E440E3F1-C1E4-45B1-91B2-A70D3FCABF06}"
EndProject
Project("{FAE04EC0-301F-11D3-BF4B-00C04F79EFBC}") = "DynamicPos.Olivetti", "DynamicPos.Olivetti\DynamicPos.Olivetti.csproj", "{B98770C9-B9E2-4575-AD49-64BEE6C75A97}"
EndProject
Project("{FAE04EC0-301F-11D3-BF4B-00C04F79EFBC}") = "DynamicPos.Ingenico", "DynamicPos.Ingenico\DynamicPos.Ingenico.csproj", "{E888CA57-B26F-4DAD-8088-6EC086B87C37}"
EndProject
Project("{FAE04EC0-301F-11D3-BF4B-00C04F79EFBC}") = "DynamicPos.Hugin", "DynamicPos.Hugin\DynamicPos.Hugin.csproj", "{653C9438-220E-422A-99B9-540E8E802939}"
EndProject
Project("{2150E333-8FDC-42A3-9474-1A3956D46DE8}") = "Libraries", "Libraries", "{8A921CE5-C588-4E8F-B69D-53BEFFC181CA}"
EndProject
Project("{FAE04EC0-301F-11D3-BF4B-00C04F79EFBC}") = "DynamicPos.Libraries", "DynamicPos.Libraries\DynamicPos.Libraries.csproj", "{E77E6293-0E57-4971-BA78-6D46896829B8}"
EndProject
Global
	GlobalSection(SolutionConfigurationPlatforms) = preSolution
		Debug|Any CPU = Debug|Any CPU
		Release|Any CPU = Release|Any CPU
	EndGlobalSection
	GlobalSection(ProjectConfigurationPlatforms) = postSolution
		{A9C5F9D7-D140-499A-84B5-B6A754D667A2}.Debug|Any CPU.ActiveCfg = Debug|Any CPU
		{A9C5F9D7-D140-499A-84B5-B6A754D667A2}.Debug|Any CPU.Build.0 = Debug|Any CPU
		{A9C5F9D7-D140-499A-84B5-B6A754D667A2}.Release|Any CPU.ActiveCfg = Release|Any CPU
		{A9C5F9D7-D140-499A-84B5-B6A754D667A2}.Release|Any CPU.Build.0 = Release|Any CPU
		{7F007484-0ACA-47B0-8177-259A2494C418}.Debug|Any CPU.ActiveCfg = Debug|Any CPU
		{7F007484-0ACA-47B0-8177-259A2494C418}.Debug|Any CPU.Build.0 = Debug|Any CPU
		{7F007484-0ACA-47B0-8177-259A2494C418}.Release|Any CPU.ActiveCfg = Release|Any CPU
		{7F007484-0ACA-47B0-8177-259A2494C418}.Release|Any CPU.Build.0 = Release|Any CPU
		{F95E2F3B-BB1E-46DF-9DF7-82DE3EA170A1}.Debug|Any CPU.ActiveCfg = Debug|Any CPU
		{F95E2F3B-BB1E-46DF-9DF7-82DE3EA170A1}.Debug|Any CPU.Build.0 = Debug|Any CPU
		{F95E2F3B-BB1E-46DF-9DF7-82DE3EA170A1}.Release|Any CPU.ActiveCfg = Release|Any CPU
		{F95E2F3B-BB1E-46DF-9DF7-82DE3EA170A1}.Release|Any CPU.Build.0 = Release|Any CPU
		{DA5CB1A8-E8EA-4949-853D-33B5D7E9FDCF}.Debug|Any CPU.ActiveCfg = Debug|Any CPU
		{DA5CB1A8-E8EA-4949-853D-33B5D7E9FDCF}.Debug|Any CPU.Build.0 = Debug|Any CPU
		{DA5CB1A8-E8EA-4949-853D-33B5D7E9FDCF}.Release|Any CPU.ActiveCfg = Release|Any CPU
		{DA5CB1A8-E8EA-4949-853D-33B5D7E9FDCF}.Release|Any CPU.Build.0 = Release|Any CPU
		{7ED57579-C518-436F-A3CF-BD3F58915A35}.Debug|Any CPU.ActiveCfg = Debug|Any CPU
		{7ED57579-C518-436F-A3CF-BD3F58915A35}.Debug|Any CPU.Build.0 = Debug|Any CPU
		{7ED57579-C518-436F-A3CF-BD3F58915A35}.Release|Any CPU.ActiveCfg = Release|Any CPU
		{7ED57579-C518-436F-A3CF-BD3F58915A35}.Release|Any CPU.Build.0 = Release|Any CPU
		{D6B198E0-3D40-4E93-BF92-70461108A555}.Debug|Any CPU.ActiveCfg = Debug|Any CPU
		{D6B198E0-3D40-4E93-BF92-70461108A555}.Debug|Any CPU.Build.0 = Debug|Any CPU
		{D6B198E0-3D40-4E93-BF92-70461108A555}.Release|Any CPU.ActiveCfg = Release|Any CPU
		{D6B198E0-3D40-4E93-BF92-70461108A555}.Release|Any CPU.Build.0 = Release|Any CPU
		{B98770C9-B9E2-4575-AD49-64BEE6C75A97}.Debug|Any CPU.ActiveCfg = Debug|Any CPU
		{B98770C9-B9E2-4575-AD49-64BEE6C75A97}.Debug|Any CPU.Build.0 = Debug|Any CPU
		{B98770C9-B9E2-4575-AD49-64BEE6C75A97}.Release|Any CPU.ActiveCfg = Release|Any CPU
		{B98770C9-B9E2-4575-AD49-64BEE6C75A97}.Release|Any CPU.Build.0 = Release|Any CPU
		{E888CA57-B26F-4DAD-8088-6EC086B87C37}.Debug|Any CPU.ActiveCfg = Debug|Any CPU
		{E888CA57-B26F-4DAD-8088-6EC086B87C37}.Debug|Any CPU.Build.0 = Debug|Any CPU
		{E888CA57-B26F-4DAD-8088-6EC086B87C37}.Release|Any CPU.ActiveCfg = Release|Any CPU
		{E888CA57-B26F-4DAD-8088-6EC086B87C37}.Release|Any CPU.Build.0 = Release|Any CPU
		{653C9438-220E-422A-99B9-540E8E802939}.Debug|Any CPU.ActiveCfg = Debug|Any CPU
		{653C9438-220E-422A-99B9-540E8E802939}.Debug|Any CPU.Build.0 = Debug|Any CPU
		{653C9438-220E-422A-99B9-540E8E802939}.Release|Any CPU.ActiveCfg = Release|Any CPU
		{653C9438-220E-422A-99B9-540E8E802939}.Release|Any CPU.Build.0 = Release|Any CPU
		{E77E6293-0E57-4971-BA78-6D46896829B8}.Debug|Any CPU.ActiveCfg = Debug|Any CPU
		{E77E6293-0E57-4971-BA78-6D46896829B8}.Debug|Any CPU.Build.0 = Debug|Any CPU
		{E77E6293-0E57-4971-BA78-6D46896829B8}.Release|Any CPU.ActiveCfg = Release|Any CPU
		{E77E6293-0E57-4971-BA78-6D46896829B8}.Release|Any CPU.Build.0 = Release|Any CPU
	EndGlobalSection
	GlobalSection(SolutionProperties) = preSolution
		HideSolutionNode = FALSE
	EndGlobalSection
	GlobalSection(NestedProjects) = preSolution
		{A9C5F9D7-D140-499A-84B5-B6A754D667A2} = {DFBD6E64-3D27-430D-A2BF-EA2272E265D1}
		{7F007484-0ACA-47B0-8177-259A2494C418} = {A6FE1F5A-5B9A-458E-AED2-EB3EB4E8568F}
		{F95E2F3B-BB1E-46DF-9DF7-82DE3EA170A1} = {D6545877-A495-45A3-9098-38A030AC9265}
		{DA5CB1A8-E8EA-4949-853D-33B5D7E9FDCF} = {523C677D-D863-4EFD-AD46-0CA1C35B2D49}
		{7ED57579-C518-436F-A3CF-BD3F58915A35} = {523C677D-D863-4EFD-AD46-0CA1C35B2D49}
		{D6B198E0-3D40-4E93-BF92-70461108A555} = {DFBD6E64-3D27-430D-A2BF-EA2272E265D1}
		{482D442B-ED90-49CD-97AA-5ED93C403460} = {0A159F07-5E0E-43DD-B923-1C83C99581B3}
		{086071B4-7AD8-4C06-9654-F48AB544C7A3} = {0A159F07-5E0E-43DD-B923-1C83C99581B3}
		{E440E3F1-C1E4-45B1-91B2-A70D3FCABF06} = {0A159F07-5E0E-43DD-B923-1C83C99581B3}
		{B98770C9-B9E2-4575-AD49-64BEE6C75A97} = {482D442B-ED90-49CD-97AA-5ED93C403460}
		{E888CA57-B26F-4DAD-8088-6EC086B87C37} = {086071B4-7AD8-4C06-9654-F48AB544C7A3}
		{653C9438-220E-422A-99B9-540E8E802939} = {E440E3F1-C1E4-45B1-91B2-A70D3FCABF06}
		{E77E6293-0E57-4971-BA78-6D46896829B8} = {8A921CE5-C588-4E8F-B69D-53BEFFC181CA}
	EndGlobalSection
	GlobalSection(ExtensibilityGlobals) = postSolution
		SolutionGuid = {80D85203-94B8-4F71-B2CA-83C75D6272ED}
	EndGlobalSection
EndGlobal
